
Microsoft Visual Studio Solution File, Format Version 12.00
# Visual Studio Version 16
VisualStudioVersion = 16.0.30114.105
MinimumVisualStudioVersion = 10.0.40219.1
Project("{FAE04EC0-301F-11D3-BF4B-00C04F79EFBC}") = "API", "API\API.csproj", "{ABB12D77-5B1C-4E5E-BDD6-6B2DADAA66F8}"
EndProject
Project("{FAE04EC0-301F-11D3-BF4B-00C04F79EFBC}") = "Application", "Application\Application.csproj", "{8FAACF2C-41E1-4687-9928-BE7DDF5F5A48}"
EndProject
Project("{FAE04EC0-301F-11D3-BF4B-00C04F79EFBC}") = "Domain", "Domain\Domain.csproj", "{2543E8BD-FCE1-41BF-9A1C-EDCF91A1943C}"
EndProject
Project("{FAE04EC0-301F-11D3-BF4B-00C04F79EFBC}") = "Persistence", "Persistence\Persistence.csproj", "{A013174B-7BE5-47F9-B594-33CCA0F3D30F}"
EndProject
Global
	GlobalSection(SolutionConfigurationPlatforms) = preSolution
		Debug|Any CPU = Debug|Any CPU
		Debug|x64 = Debug|x64
		Debug|x86 = Debug|x86
		Release|Any CPU = Release|Any CPU
		Release|x64 = Release|x64
		Release|x86 = Release|x86
	EndGlobalSection
	GlobalSection(SolutionProperties) = preSolution
		HideSolutionNode = FALSE
	EndGlobalSection
	GlobalSection(ProjectConfigurationPlatforms) = postSolution
		{ABB12D77-5B1C-4E5E-BDD6-6B2DADAA66F8}.Debug|Any CPU.ActiveCfg = Debug|Any CPU
		{ABB12D77-5B1C-4E5E-BDD6-6B2DADAA66F8}.Debug|Any CPU.Build.0 = Debug|Any CPU
		{ABB12D77-5B1C-4E5E-BDD6-6B2DADAA66F8}.Debug|x64.ActiveCfg = Debug|Any CPU
		{ABB12D77-5B1C-4E5E-BDD6-6B2DADAA66F8}.Debug|x64.Build.0 = Debug|Any CPU
		{ABB12D77-5B1C-4E5E-BDD6-6B2DADAA66F8}.Debug|x86.ActiveCfg = Debug|Any CPU
		{ABB12D77-5B1C-4E5E-BDD6-6B2DADAA66F8}.Debug|x86.Build.0 = Debug|Any CPU
		{ABB12D77-5B1C-4E5E-BDD6-6B2DADAA66F8}.Release|Any CPU.ActiveCfg = Release|Any CPU
		{ABB12D77-5B1C-4E5E-BDD6-6B2DADAA66F8}.Release|Any CPU.Build.0 = Release|Any CPU
		{ABB12D77-5B1C-4E5E-BDD6-6B2DADAA66F8}.Release|x64.ActiveCfg = Release|Any CPU
		{ABB12D77-5B1C-4E5E-BDD6-6B2DADAA66F8}.Release|x64.Build.0 = Release|Any CPU
		{ABB12D77-5B1C-4E5E-BDD6-6B2DADAA66F8}.Release|x86.ActiveCfg = Release|Any CPU
		{ABB12D77-5B1C-4E5E-BDD6-6B2DADAA66F8}.Release|x86.Build.0 = Release|Any CPU
		{8FAACF2C-41E1-4687-9928-BE7DDF5F5A48}.Debug|Any CPU.ActiveCfg = Debug|Any CPU
		{8FAACF2C-41E1-4687-9928-BE7DDF5F5A48}.Debug|Any CPU.Build.0 = Debug|Any CPU
		{8FAACF2C-41E1-4687-9928-BE7DDF5F5A48}.Debug|x64.ActiveCfg = Debug|Any CPU
		{8FAACF2C-41E1-4687-9928-BE7DDF5F5A48}.Debug|x64.Build.0 = Debug|Any CPU
		{8FAACF2C-41E1-4687-9928-BE7DDF5F5A48}.Debug|x86.ActiveCfg = Debug|Any CPU
		{8FAACF2C-41E1-4687-9928-BE7DDF5F5A48}.Debug|x86.Build.0 = Debug|Any CPU
		{8FAACF2C-41E1-4687-9928-BE7DDF5F5A48}.Release|Any CPU.ActiveCfg = Release|Any CPU
		{8FAACF2C-41E1-4687-9928-BE7DDF5F5A48}.Release|Any CPU.Build.0 = Release|Any CPU
		{8FAACF2C-41E1-4687-9928-BE7DDF5F5A48}.Release|x64.ActiveCfg = Release|Any CPU
		{8FAACF2C-41E1-4687-9928-BE7DDF5F5A48}.Release|x64.Build.0 = Release|Any CPU
		{8FAACF2C-41E1-4687-9928-BE7DDF5F5A48}.Release|x86.ActiveCfg = Release|Any CPU
		{8FAACF2C-41E1-4687-9928-BE7DDF5F5A48}.Release|x86.Build.0 = Release|Any CPU
		{2543E8BD-FCE1-41BF-9A1C-EDCF91A1943C}.Debug|Any CPU.ActiveCfg = Debug|Any CPU
		{2543E8BD-FCE1-41BF-9A1C-EDCF91A1943C}.Debug|Any CPU.Build.0 = Debug|Any CPU
		{2543E8BD-FCE1-41BF-9A1C-EDCF91A1943C}.Debug|x64.ActiveCfg = Debug|Any CPU
		{2543E8BD-FCE1-41BF-9A1C-EDCF91A1943C}.Debug|x64.Build.0 = Debug|Any CPU
		{2543E8BD-FCE1-41BF-9A1C-EDCF91A1943C}.Debug|x86.ActiveCfg = Debug|Any CPU
		{2543E8BD-FCE1-41BF-9A1C-EDCF91A1943C}.Debug|x86.Build.0 = Debug|Any CPU
		{2543E8BD-FCE1-41BF-9A1C-EDCF91A1943C}.Release|Any CPU.ActiveCfg = Release|Any CPU
		{2543E8BD-FCE1-41BF-9A1C-EDCF91A1943C}.Release|Any CPU.Build.0 = Release|Any CPU
		{2543E8BD-FCE1-41BF-9A1C-EDCF91A1943C}.Release|x64.ActiveCfg = Release|Any CPU
		{2543E8BD-FCE1-41BF-9A1C-EDCF91A1943C}.Release|x64.Build.0 = Release|Any CPU
		{2543E8BD-FCE1-41BF-9A1C-EDCF91A1943C}.Release|x86.ActiveCfg = Release|Any CPU
		{2543E8BD-FCE1-41BF-9A1C-EDCF91A1943C}.Release|x86.Build.0 = Release|Any CPU
		{A013174B-7BE5-47F9-B594-33CCA0F3D30F}.Debug|Any CPU.ActiveCfg = Debug|Any CPU
		{A013174B-7BE5-47F9-B594-33CCA0F3D30F}.Debug|Any CPU.Build.0 = Debug|Any CPU
		{A013174B-7BE5-47F9-B594-33CCA0F3D30F}.Debug|x64.ActiveCfg = Debug|Any CPU
		{A013174B-7BE5-47F9-B594-33CCA0F3D30F}.Debug|x64.Build.0 = Debug|Any CPU
		{A013174B-7BE5-47F9-B594-33CCA0F3D30F}.Debug|x86.ActiveCfg = Debug|Any CPU
		{A013174B-7BE5-47F9-B594-33CCA0F3D30F}.Debug|x86.Build.0 = Debug|Any CPU
		{A013174B-7BE5-47F9-B594-33CCA0F3D30F}.Release|Any CPU.ActiveCfg = Release|Any CPU
		{A013174B-7BE5-47F9-B594-33CCA0F3D30F}.Release|Any CPU.Build.0 = Release|Any CPU
		{A013174B-7BE5-47F9-B594-33CCA0F3D30F}.Release|x64.ActiveCfg = Release|Any CPU
		{A013174B-7BE5-47F9-B594-33CCA0F3D30F}.Release|x64.Build.0 = Release|Any CPU
		{A013174B-7BE5-47F9-B594-33CCA0F3D30F}.Release|x86.ActiveCfg = Release|Any CPU
		{A013174B-7BE5-47F9-B594-33CCA0F3D30F}.Release|x86.Build.0 = Release|Any CPU
	EndGlobalSection
EndGlobal
